github.com/aceld/zinx v0.0.0-20200315073925-f09df55dc746 h1:TturbcEfboY81jsKVSQtGkqk8FN8ag0TmKYzaFHflmQ=
github.com/aceld/zinx v0.0.0-20200315073925-f09df55dc746/go.mod h1:bMiERrPdR8FzpBOo86nhWWmeHJ1cCaqVvWKCGcDVJ5M=
github.com/golang/protobuf v1.3.3/go.mod h1:vzj43D7+SQXF/4pzW/hwtAqwc6iTitCiVSaWz5lYuqw=
github.com/golang/protobuf v1.3.5 h1:F768QJ1E9tib+q5Sc8MkdJi1RxLTbRcTf8LJV56aRls=
github.com/golang/protobuf v1.3.5/go.mod h1:6O5/vntMXwX2lRkT1hjjk0nAC1IDOTvTlVgjlRvqsdk=
